
Microsoft Visual Studio Solution File, Format Version 12.00
# Visual Studio Version 17
VisualStudioVersion = 17.3.32510.385
MinimumVisualStudioVersion = 10.0.40219.1
Project("{FAE04EC0-301F-11D3-BF4B-00C04F79EFBC}") = "DotNetLabelerUploader", "DotNetLabelerUploader\DotNetLabelerUploader.csproj", "{0E910A47-2A44-49F6-8976-48B5FC0F303E}"
EndProject
Global
	GlobalSection(SolutionConfigurationPlatforms) = preSolution
		Debug|Any CPU = Debug|Any CPU
		Release|Any CPU = Release|Any CPU
	EndGlobalSection
	GlobalSection(ProjectConfigurationPlatforms) = postSolution
		{0E910A47-2A44-49F6-8976-48B5FC0F303E}.Debug|Any CPU.ActiveCfg = Debug|Any CPU
		{0E910A47-2A44-49F6-8976-48B5FC0F303E}.Debug|Any CPU.Build.0 = Debug|Any CPU
		{0E910A47-2A44-49F6-8976-48B5FC0F303E}.Release|Any CPU.ActiveCfg = Release|Any CPU
		{0E910A47-2A44-49F6-8976-48B5FC0F303E}.Release|Any CPU.Build.0 = Release|Any CPU
	EndGlobalSection
	GlobalSection(SolutionProperties) = preSolution
		HideSolutionNode = FALSE
	EndGlobalSection
	GlobalSection(ExtensibilityGlobals) = postSolution
		SolutionGuid = {72CCADE6-FB85-4347-B739-301EB441C82B}
	EndGlobalSection
EndGlobal
