
Microsoft Visual Studio Solution File, Format Version 12.00
# Visual Studio Version 16
VisualStudioVersion = 16.0.28902.138
MinimumVisualStudioVersion = 10.0.40219.1
Project("{2150E333-8FDC-42A3-9474-1A3956D46DE8}") = "src", "src", "{3D534DD7-7F6F-45D7-A62B-3E7DCF9FAB8F}"
EndProject
Project("{2150E333-8FDC-42A3-9474-1A3956D46DE8}") = "Solution Items", "Solution Items", "{162FF4CF-3941-40FD-B8EF-F0DF1FA84C6C}"
	ProjectSection(SolutionItems) = preProject
		NuGet.config = NuGet.config
	EndProjectSection
EndProject
Project("{9A19103F-16F7-4668-BE54-9A1E7A4F7556}") = "CreateMikLabelModel", "src\CreateMikLabelModel\CreateMikLabelModel.csproj", "{5966A77B-5114-4608-92AD-524F181FA0FC}"
EndProject
Project("{9A19103F-16F7-4668-BE54-9A1E7A4F7556}") = "Hubbup.MikLabelModel", "src\Hubbup.MikLabelModel\Hubbup.MikLabelModel.csproj", "{CA47F6FC-382F-4034-9F12-517CC14E5CB0}"
EndProject
Project("{9A19103F-16F7-4668-BE54-9A1E7A4F7556}") = "Microsoft.DotNet.Github.IssueLabeler", "src\Microsoft.DotNet.GitHub.IssueLabeler\Microsoft.DotNet.Github.IssueLabeler.csproj", "{AF671A89-AC9D-42C8-A940-73745684B63A}"
EndProject
Global
	GlobalSection(SolutionConfigurationPlatforms) = preSolution
		Debug|Any CPU = Debug|Any CPU
		Release|Any CPU = Release|Any CPU
	EndGlobalSection
	GlobalSection(ProjectConfigurationPlatforms) = postSolution
		{5966A77B-5114-4608-92AD-524F181FA0FC}.Debug|Any CPU.ActiveCfg = Debug|Any CPU
		{5966A77B-5114-4608-92AD-524F181FA0FC}.Debug|Any CPU.Build.0 = Debug|Any CPU
		{5966A77B-5114-4608-92AD-524F181FA0FC}.Release|Any CPU.ActiveCfg = Release|Any CPU
		{5966A77B-5114-4608-92AD-524F181FA0FC}.Release|Any CPU.Build.0 = Release|Any CPU
		{CA47F6FC-382F-4034-9F12-517CC14E5CB0}.Debug|Any CPU.ActiveCfg = Debug|Any CPU
		{CA47F6FC-382F-4034-9F12-517CC14E5CB0}.Debug|Any CPU.Build.0 = Debug|Any CPU
		{CA47F6FC-382F-4034-9F12-517CC14E5CB0}.Release|Any CPU.ActiveCfg = Release|Any CPU
		{CA47F6FC-382F-4034-9F12-517CC14E5CB0}.Release|Any CPU.Build.0 = Release|Any CPU
		{AF671A89-AC9D-42C8-A940-73745684B63A}.Debug|Any CPU.ActiveCfg = Debug|Any CPU
		{AF671A89-AC9D-42C8-A940-73745684B63A}.Debug|Any CPU.Build.0 = Debug|Any CPU
		{AF671A89-AC9D-42C8-A940-73745684B63A}.Release|Any CPU.ActiveCfg = Release|Any CPU
		{AF671A89-AC9D-42C8-A940-73745684B63A}.Release|Any CPU.Build.0 = Release|Any CPU
	EndGlobalSection
	GlobalSection(SolutionProperties) = preSolution
		HideSolutionNode = FALSE
	EndGlobalSection
	GlobalSection(NestedProjects) = preSolution
		{5966A77B-5114-4608-92AD-524F181FA0FC} = {3D534DD7-7F6F-45D7-A62B-3E7DCF9FAB8F}
		{CA47F6FC-382F-4034-9F12-517CC14E5CB0} = {3D534DD7-7F6F-45D7-A62B-3E7DCF9FAB8F}
		{AF671A89-AC9D-42C8-A940-73745684B63A} = {3D534DD7-7F6F-45D7-A62B-3E7DCF9FAB8F}
	EndGlobalSection
	GlobalSection(ExtensibilityGlobals) = postSolution
		SolutionGuid = {60D53155-0C10-41E9-B797-FC68F4EDFF8A}
	EndGlobalSection
EndGlobal
